
Microsoft Visual Studio Solution File, Format Version 12.00
# Visual Studio Version 16
VisualStudioVersion = 16.0.30225.117
MinimumVisualStudioVersion = 15.0.26124.0
Project("{2150E333-8FDC-42A3-9474-1A3956D46DE8}") = "src", "src", "{17E781E7-C735-4D98-A407-C9AF7EAB2B0A}"
EndProject
Project("{9A19103F-16F7-4668-BE54-9A1E7A4F7556}") = "environment.net.core", "src\environment.net.core\environment.net.core.csproj", "{41C29AD0-31FA-4290-A371-69167A833860}"
EndProject
Project("{2150E333-8FDC-42A3-9474-1A3956D46DE8}") = "sample", "sample", "{A514B7AE-6541-4EAA-BDBE-17CAC51B4B81}"
EndProject
Project("{9A19103F-16F7-4668-BE54-9A1E7A4F7556}") = "environment.sample", "sample\environment.sample\environment.sample.csproj", "{C0FADB2E-E324-43DF-BF3E-871886073039}"
EndProject
Global
	GlobalSection(SolutionConfigurationPlatforms) = preSolution
		Debug|Any CPU = Debug|Any CPU
		Debug|x64 = Debug|x64
		Debug|x86 = Debug|x86
		Release|Any CPU = Release|Any CPU
		Release|x64 = Release|x64
		Release|x86 = Release|x86
	EndGlobalSection
	GlobalSection(ProjectConfigurationPlatforms) = postSolution
		{41C29AD0-31FA-4290-A371-69167A833860}.Debug|Any CPU.ActiveCfg = Debug|Any CPU
		{41C29AD0-31FA-4290-A371-69167A833860}.Debug|Any CPU.Build.0 = Debug|Any CPU
		{41C29AD0-31FA-4290-A371-69167A833860}.Debug|x64.ActiveCfg = Debug|Any CPU
		{41C29AD0-31FA-4290-A371-69167A833860}.Debug|x64.Build.0 = Debug|Any CPU
		{41C29AD0-31FA-4290-A371-69167A833860}.Debug|x86.ActiveCfg = Debug|Any CPU
		{41C29AD0-31FA-4290-A371-69167A833860}.Debug|x86.Build.0 = Debug|Any CPU
		{41C29AD0-31FA-4290-A371-69167A833860}.Release|Any CPU.ActiveCfg = Release|Any CPU
		{41C29AD0-31FA-4290-A371-69167A833860}.Release|Any CPU.Build.0 = Release|Any CPU
		{41C29AD0-31FA-4290-A371-69167A833860}.Release|x64.ActiveCfg = Release|Any CPU
		{41C29AD0-31FA-4290-A371-69167A833860}.Release|x64.Build.0 = Release|Any CPU
		{41C29AD0-31FA-4290-A371-69167A833860}.Release|x86.ActiveCfg = Release|Any CPU
		{41C29AD0-31FA-4290-A371-69167A833860}.Release|x86.Build.0 = Release|Any CPU
		{C0FADB2E-E324-43DF-BF3E-871886073039}.Debug|Any CPU.ActiveCfg = Debug|Any CPU
		{C0FADB2E-E324-43DF-BF3E-871886073039}.Debug|Any CPU.Build.0 = Debug|Any CPU
		{C0FADB2E-E324-43DF-BF3E-871886073039}.Debug|x64.ActiveCfg = Debug|Any CPU
		{C0FADB2E-E324-43DF-BF3E-871886073039}.Debug|x64.Build.0 = Debug|Any CPU
		{C0FADB2E-E324-43DF-BF3E-871886073039}.Debug|x86.ActiveCfg = Debug|Any CPU
		{C0FADB2E-E324-43DF-BF3E-871886073039}.Debug|x86.Build.0 = Debug|Any CPU
		{C0FADB2E-E324-43DF-BF3E-871886073039}.Release|Any CPU.ActiveCfg = Release|Any CPU
		{C0FADB2E-E324-43DF-BF3E-871886073039}.Release|Any CPU.Build.0 = Release|Any CPU
		{C0FADB2E-E324-43DF-BF3E-871886073039}.Release|x64.ActiveCfg = Release|Any CPU
		{C0FADB2E-E324-43DF-BF3E-871886073039}.Release|x64.Build.0 = Release|Any CPU
		{C0FADB2E-E324-43DF-BF3E-871886073039}.Release|x86.ActiveCfg = Release|Any CPU
		{C0FADB2E-E324-43DF-BF3E-871886073039}.Release|x86.Build.0 = Release|Any CPU
	EndGlobalSection
	GlobalSection(SolutionProperties) = preSolution
		HideSolutionNode = FALSE
	EndGlobalSection
	GlobalSection(NestedProjects) = preSolution
		{41C29AD0-31FA-4290-A371-69167A833860} = {17E781E7-C735-4D98-A407-C9AF7EAB2B0A}
		{C0FADB2E-E324-43DF-BF3E-871886073039} = {A514B7AE-6541-4EAA-BDBE-17CAC51B4B81}
	EndGlobalSection
	GlobalSection(ExtensibilityGlobals) = postSolution
		SolutionGuid = {CD994494-AF96-4209-BB0E-BD62973218DA}
	EndGlobalSection
EndGlobal
